// !$*UTF8*$!
{
	archiveVersion = 1;
	classes = {
	};
	objectVersion = 50;
	objects = {

/* Begin PBXBuildFile section */
		FA12B75823E314EC00E5D317 /* GoogleService-Info.plist in Resources */ = {isa = PBXBuildFile; fileRef = FA12B75723E314EC00E5D317 /* GoogleService-Info.plist */; };
		FA12B75D23E817C100E5D317 /* Chartboost.framework in Frameworks */ = {isa = PBXBuildFile; fileRef = FA12B75C23E817C100E5D317 /* Chartboost.framework */; settings = {ATTRIBUTES = (Weak, ); }; };
		FA12B76A23E81D6100E5D317 /* UIKit.framework in Frameworks */ = {isa = PBXBuildFile; fileRef = FA12B76123E81D6000E5D317 /* UIKit.framework */; };
		FA12B76B23E81D6100E5D317 /* WebKit.framework in Frameworks */ = {isa = PBXBuildFile; fileRef = FA12B76223E81D6000E5D317 /* WebKit.framework */; };
		FA12B76C23E81D6100E5D317 /* StoreKit.framework in Frameworks */ = {isa = PBXBuildFile; fileRef = FA12B76323E81D6000E5D317 /* StoreKit.framework */; };
		FA12B76D23E81D6100E5D317 /* CoreGraphics.framework in Frameworks */ = {isa = PBXBuildFile; fileRef = FA12B76423E81D6000E5D317 /* CoreGraphics.framework */; };
		FA12B76E23E81D6100E5D317 /* AdSupport.framework in Frameworks */ = {isa = PBXBuildFile; fileRef = FA12B76523E81D6100E5D317 /* AdSupport.framework */; };
		FA12B76F23E81D6100E5D317 /* Chartboost.framework in Frameworks */ = {isa = PBXBuildFile; fileRef = FA12B76623E81D6100E5D317 /* Chartboost.framework */; };
		FA12B77023E81D6100E5D317 /* SystemConfiguration.framework in Frameworks */ = {isa = PBXBuildFile; fileRef = FA12B76723E81D6100E5D317 /* SystemConfiguration.framework */; };
		FA12B77123E81D6100E5D317 /* Foundation.framework in Frameworks */ = {isa = PBXBuildFile; fileRef = FA12B76823E81D6100E5D317 /* Foundation.framework */; };
		FA12B77223E81D6100E5D317 /* AVFoundation.framework in Frameworks */ = {isa = PBXBuildFile; fileRef = FA12B76923E81D6100E5D317 /* AVFoundation.framework */; };
		FA4ECA9D23E198DE002620FE /* Main.storyboard in Resources */ = {isa = PBXBuildFile; fileRef = FA4ECA9C23E198DE002620FE /* Main.storyboard */; };
		FA770AFB23E0983700839AC2 /* Stars.sks in Resources */ = {isa = PBXBuildFile; fileRef = FA770AFA23E0983700839AC2 /* Stars.sks */; };
		FA841FA723DDCAFC00B73452 /* AppDelegate.swift in Sources */ = {isa = PBXBuildFile; fileRef = FA841FA623DDCAFC00B73452 /* AppDelegate.swift */; };
		FA841FAB23DDCAFC00B73452 /* Actions.sks in Resources */ = {isa = PBXBuildFile; fileRef = FA841FAA23DDCAFC00B73452 /* Actions.sks */; };
		FA841FAD23DDCAFC00B73452 /* GameScene.swift in Sources */ = {isa = PBXBuildFile; fileRef = FA841FAC23DDCAFC00B73452 /* GameScene.swift */; };
		FA841FAF23DDCAFC00B73452 /* GameViewController.swift in Sources */ = {isa = PBXBuildFile; fileRef = FA841FAE23DDCAFC00B73452 /* GameViewController.swift */; };
		FA841FB423DDCAFE00B73452 /* Assets.xcassets in Resources */ = {isa = PBXBuildFile; fileRef = FA841FB323DDCAFE00B73452 /* Assets.xcassets */; };
		FA841FB723DDCAFE00B73452 /* LaunchScreen.storyboard in Resources */ = {isa = PBXBuildFile; fileRef = FA841FB523DDCAFE00B73452 /* LaunchScreen.storyboard */; };
		FA841FDD23DDD0C500B73452 /* Fire.sks in Resources */ = {isa = PBXBuildFile; fileRef = FA841FDC23DDD0C500B73452 /* Fire.sks */; };
		FA841FE123DDD48100B73452 /* GameScene.sks in Resources */ = {isa = PBXBuildFile; fileRef = FA841FE023DDD48000B73452 /* GameScene.sks */; };
		FA841FE723DDF86C00B73452 /* MenuView.swift in Sources */ = {isa = PBXBuildFile; fileRef = FA841FE623DDF86C00B73452 /* MenuView.swift */; };
		FAD7BCD523E838EF00E828FC /* LaunchScreen.swift in Sources */ = {isa = PBXBuildFile; fileRef = FAD7BCD423E838EF00E828FC /* LaunchScreen.swift */; };
		FAD7BCD923E957D000E828FC /* Default-568h@2x.png in Resources */ = {isa = PBXBuildFile; fileRef = FAD7BCD823E957CF00E828FC /* Default-568h@2x.png */; };
		FE85218B741F0EF0D1635131 /* Pods_Starlight_Night.framework in Frameworks */ = {isa = PBXBuildFile; fileRef = 72E35C34AEFC0D5A20D1D6B0 /* Pods_Starlight_Night.framework */; };
/* End PBXBuildFile section */

/* Begin PBXFileReference section */
		19B206389EB991D38B3315F0 /* Pods-Starlight Night.release.xcconfig */ = {isa = PBXFileReference; includeInIndex = 1; lastKnownFileType = text.xcconfig; name = "Pods-Starlight Night.release.xcconfig"; path = "Pods/Target Support Files/Pods-Starlight Night/Pods-Starlight Night.release.xcconfig"; sourceTree = "<group>"; };
		72E35C34AEFC0D5A20D1D6B0 /* Pods_Starlight_Night.framework */ = {isa = PBXFileReference; explicitFileType = wrapper.framework; includeInIndex = 0; path = Pods_Starlight_Night.framework; sourceTree = BUILT_PRODUCTS_DIR; };
		CCAAA1B50D4B64FDA5895725 /* Pods-Starlight Night.debug.xcconfig */ = {isa = PBXFileReference; includeInIndex = 1; lastKnownFileType = text.xcconfig; name = "Pods-Starlight Night.debug.xcconfig"; path = "Pods/Target Support Files/Pods-Starlight Night/Pods-Starlight Night.debug.xcconfig"; sourceTree = "<group>"; };
		FA10D4B623E2F54600D79B0E /* FirebaseAuth.framework */ = {isa = PBXFileReference; explicitFileType = wrapper.framework; path = FirebaseAuth.framework; sourceTree = BUILT_PRODUCTS_DIR; };
		FA10D4B723E2F54600D79B0E /* FirebaseCore.framework */ = {isa = PBXFileReference; explicitFileType = wrapper.framework; path = FirebaseCore.framework; sourceTree = BUILT_PRODUCTS_DIR; };
		FA10D4B823E2F54600D79B0E /* FirebaseCoreDiagnostics.framework */ = {isa = PBXFileReference; explicitFileType = wrapper.framework; path = FirebaseCoreDiagnostics.framework; sourceTree = BUILT_PRODUCTS_DIR; };
		FA10D4B923E2F54600D79B0E /* FirebaseDatabase.framework */ = {isa = PBXFileReference; explicitFileType = wrapper.framework; path = FirebaseDatabase.framework; sourceTree = BUILT_PRODUCTS_DIR; };
		FA10D4BA23E2F54600D79B0E /* FirebaseFirestore.framework */ = {isa = PBXFileReference; explicitFileType = wrapper.framework; path = FirebaseFirestore.framework; sourceTree = BUILT_PRODUCTS_DIR; };
		FA10D4BB23E2F54600D79B0E /* FirebaseInstanceID.framework */ = {isa = PBXFileReference; explicitFileType = wrapper.framework; path = FirebaseInstanceID.framework; sourceTree = BUILT_PRODUCTS_DIR; };
		FA10D4BC23E2F54600D79B0E /* FirebaseMessaging.framework */ = {isa = PBXFileReference; explicitFileType = wrapper.framework; path = FirebaseMessaging.framework; sourceTree = BUILT_PRODUCTS_DIR; };
		FA10D4BD23E2F54600D79B0E /* GoogleDataTransport.framework */ = {isa = PBXFileReference; explicitFileType = wrapper.framework; path = GoogleDataTransport.framework; sourceTree = BUILT_PRODUCTS_DIR; };
		FA10D4BE23E2F54600D79B0E /* GoogleDataTransportCCTSupport.framework */ = {isa = PBXFileReference; explicitFileType = wrapper.framework; path = GoogleDataTransportCCTSupport.framework; sourceTree = BUILT_PRODUCTS_DIR; };
		FA10D4BF23E2F54600D79B0E /* GoogleUtilities.framework */ = {isa = PBXFileReference; explicitFileType = wrapper.framework; path = GoogleUtilities.framework; sourceTree = BUILT_PRODUCTS_DIR; };
		FA12B75723E314EC00E5D317 /* GoogleService-Info.plist */ = {isa = PBXFileReference; fileEncoding = 4; lastKnownFileType = text.plist.xml; path = "GoogleService-Info.plist"; sourceTree = "<group>"; };
		FA12B75C23E817C100E5D317 /* Chartboost.framework */ = {isa = PBXFileReference; lastKnownFileType = wrapper.framework; path = Chartboost.framework; sourceTree = "<group>"; };
		FA12B76123E81D6000E5D317 /* UIKit.framework */ = {isa = PBXFileReference; lastKnownFileType = wrapper.framework; name = UIKit.framework; path = System/Library/Frameworks/UIKit.framework; sourceTree = SDKROOT; };
		FA12B76223E81D6000E5D317 /* WebKit.framework */ = {isa = PBXFileReference; lastKnownFileType = wrapper.framework; name = WebKit.framework; path = System/Library/Frameworks/WebKit.framework; sourceTree = SDKROOT; };
		FA12B76323E81D6000E5D317 /* StoreKit.framework */ = {isa = PBXFileReference; lastKnownFileType = wrapper.framework; name = StoreKit.framework; path = System/Library/Frameworks/StoreKit.framework; sourceTree = SDKROOT; };
		FA12B76423E81D6000E5D317 /* CoreGraphics.framework */ = {isa = PBXFileReference; lastKnownFileType = wrapper.framework; name = CoreGraphics.framework; path = System/Library/Frameworks/CoreGraphics.framework; sourceTree = SDKROOT; };
		FA12B76523E81D6100E5D317 /* AdSupport.framework */ = {isa = PBXFileReference; lastKnownFileType = wrapper.framework; name = AdSupport.framework; path = System/Library/Frameworks/AdSupport.framework; sourceTree = SDKROOT; };
		FA12B76623E81D6100E5D317 /* Chartboost.framework */ = {isa = PBXFileReference; lastKnownFileType = wrapper.framework; name = Chartboost.framework; path = "../../../Downloads/Chartboost-iOS-8.0.4.tar/Chartboost.framework"; sourceTree = "<group>"; };
		FA12B76723E81D6100E5D317 /* SystemConfiguration.framework */ = {isa = PBXFileReference; lastKnownFileType = wrapper.framework; name = SystemConfiguration.framework; path = System/Library/Frameworks/SystemConfiguration.framework; sourceTree = SDKROOT; };
		FA12B76823E81D6100E5D317 /* Foundation.framework */ = {isa = PBXFileReference; lastKnownFileType = wrapper.framework; name = Foundation.framework; path = System/Library/Frameworks/Foundation.framework; sourceTree = SDKROOT; };
		FA12B76923E81D6100E5D317 /* AVFoundation.framework */ = {isa = PBXFileReference; lastKnownFileType = wrapper.framework; name = AVFoundation.framework; path = System/Library/Frameworks/AVFoundation.framework; sourceTree = SDKROOT; };
		FA12B77B23E82A5A00E5D317 /* Starlight Night-Bridging-Header.h */ = {isa = PBXFileReference; lastKnownFileType = sourcecode.c.h; path = "Starlight Night-Bridging-Header.h"; sourceTree = "<group>"; };
		FA4ECA9C23E198DE002620FE /* Main.storyboard */ = {isa = PBXFileReference; fileEncoding = 4; lastKnownFileType = file.storyboard; path = Main.storyboard; sourceTree = "<group>"; };
		FA770AFA23E0983700839AC2 /* Stars.sks */ = {isa = PBXFileReference; lastKnownFileType = file.sks; path = Stars.sks; sourceTree = "<group>"; };
		FA841FA323DDCAFC00B73452 /* Starlight Night.app */ = {isa = PBXFileReference; explicitFileType = wrapper.application; includeInIndex = 0; path = "Starlight Night.app"; sourceTree = BUILT_PRODUCTS_DIR; };
		FA841FA623DDCAFC00B73452 /* AppDelegate.swift */ = {isa = PBXFileReference; lastKnownFileType = sourcecode.swift; path = AppDelegate.swift; sourceTree = "<group>"; };
		FA841FAA23DDCAFC00B73452 /* Actions.sks */ = {isa = PBXFileReference; lastKnownFileType = file.sks; path = Actions.sks; sourceTree = "<group>"; };
		FA841FAC23DDCAFC00B73452 /* GameScene.swift */ = {isa = PBXFileReference; lastKnownFileType = sourcecode.swift; path = GameScene.swift; sourceTree = "<group>"; };
		FA841FAE23DDCAFC00B73452 /* GameViewController.swift */ = {isa = PBXFileReference; lastKnownFileType = sourcecode.swift; path = GameViewController.swift; sourceTree = "<group>"; };
		FA841FB323DDCAFE00B73452 /* Assets.xcassets */ = {isa = PBXFileReference; lastKnownFileType = folder.assetcatalog; path = Assets.xcassets; sourceTree = "<group>"; };
		FA841FB623DDCAFE00B73452 /* Base */ = {isa = PBXFileReference; lastKnownFileType = file.storyboard; name = Base; path = Base.lproj/LaunchScreen.storyboard; sourceTree = "<group>"; };
		FA841FB823DDCAFE00B73452 /* Info.plist */ = {isa = PBXFileReference; lastKnownFileType = text.plist.xml; path = Info.plist; sourceTree = "<group>"; };
		FA841FC123DDCAFE00B73452 /* Starlight_NightTests.swift */ = {isa = PBXFileReference; lastKnownFileType = sourcecode.swift; path = Starlight_NightTests.swift; sourceTree = "<group>"; };
		FA841FC323DDCAFE00B73452 /* Info.plist */ = {isa = PBXFileReference; lastKnownFileType = text.plist.xml; path = Info.plist; sourceTree = "<group>"; };
		FA841FCC23DDCAFE00B73452 /* Starlight_NightUITests.swift */ = {isa = PBXFileReference; lastKnownFileType = sourcecode.swift; path = Starlight_NightUITests.swift; sourceTree = "<group>"; };
		FA841FCE23DDCAFE00B73452 /* Info.plist */ = {isa = PBXFileReference; lastKnownFileType = text.plist.xml; path = Info.plist; sourceTree = "<group>"; };
		FA841FDC23DDD0C500B73452 /* Fire.sks */ = {isa = PBXFileReference; lastKnownFileType = file.sks; path = Fire.sks; sourceTree = "<group>"; };
		FA841FE023DDD48000B73452 /* GameScene.sks */ = {isa = PBXFileReference; lastKnownFileType = file.sks; path = GameScene.sks; sourceTree = "<group>"; };
		FA841FE623DDF86C00B73452 /* MenuView.swift */ = {isa = PBXFileReference; lastKnownFileType = sourcecode.swift; path = MenuView.swift; sourceTree = "<group>"; };
		FAD7BCD423E838EF00E828FC /* LaunchScreen.swift */ = {isa = PBXFileReference; lastKnownFileType = sourcecode.swift; path = LaunchScreen.swift; sourceTree = "<group>"; };
		FAD7BCD823E957CF00E828FC /* Default-568h@2x.png */ = {isa = PBXFileReference; lastKnownFileType = image.png; path = "Default-568h@2x.png"; sourceTree = "<group>"; };
/* End PBXFileReference section */

/* Begin PBXFrameworksBuildPhase section */
		FA841FA023DDCAFC00B73452 /* Frameworks */ = {
			isa = PBXFrameworksBuildPhase;
			buildActionMask = 2147483647;
			files = (
				FA12B76D23E81D6100E5D317 /* CoreGraphics.framework in Frameworks */,
				FA12B77023E81D6100E5D317 /* SystemConfiguration.framework in Frameworks */,
				FA12B77223E81D6100E5D317 /* AVFoundation.framework in Frameworks */,
				FA12B76F23E81D6100E5D317 /* Chartboost.framework in Frameworks */,
				FE85218B741F0EF0D1635131 /* Pods_Starlight_Night.framework in Frameworks */,
				FA12B76A23E81D6100E5D317 /* UIKit.framework in Frameworks */,
				FA12B77123E81D6100E5D317 /* Foundation.framework in Frameworks */,
				FA12B76C23E81D6100E5D317 /* StoreKit.framework in Frameworks */,
				FA12B76B23E81D6100E5D317 /* WebKit.framework in Frameworks */,
				FA12B75D23E817C100E5D317 /* Chartboost.framework in Frameworks */,
				FA12B76E23E81D6100E5D317 /* AdSupport.framework in Frameworks */,
			);
			runOnlyForDeploymentPostprocessing = 0;
		};
/* End PBXFrameworksBuildPhase section */

/* Begin PBXGroup section */
		49172CED45D5625256929474 /* Pods */ = {
			isa = PBXGroup;
			children = (
				CCAAA1B50D4B64FDA5895725 /* Pods-Starlight Night.debug.xcconfig */,
				19B206389EB991D38B3315F0 /* Pods-Starlight Night.release.xcconfig */,
			);
			name = Pods;
			sourceTree = "<group>";
		};
		6F6398D231F31AE757DFF56A /* Frameworks */ = {
			isa = PBXGroup;
			children = (
				FA12B76923E81D6100E5D317 /* AVFoundation.framework */,
				FA12B75C23E817C100E5D317 /* Chartboost.framework */,
				FA12B76523E81D6100E5D317 /* AdSupport.framework */,
				FA12B76623E81D6100E5D317 /* Chartboost.framework */,
				FA12B76423E81D6000E5D317 /* CoreGraphics.framework */,
				FA12B76823E81D6100E5D317 /* Foundation.framework */,
				FA12B76323E81D6000E5D317 /* StoreKit.framework */,
				FA12B76723E81D6100E5D317 /* SystemConfiguration.framework */,
				FA12B76123E81D6000E5D317 /* UIKit.framework */,
				FA12B76223E81D6000E5D317 /* WebKit.framework */,
				FA10D4B623E2F54600D79B0E /* FirebaseAuth.framework */,
				FA10D4B723E2F54600D79B0E /* FirebaseCore.framework */,
				FA10D4B823E2F54600D79B0E /* FirebaseCoreDiagnostics.framework */,
				FA10D4B923E2F54600D79B0E /* FirebaseDatabase.framework */,
				FA10D4BA23E2F54600D79B0E /* FirebaseFirestore.framework */,
				FA10D4BB23E2F54600D79B0E /* FirebaseInstanceID.framework */,
				FA10D4BC23E2F54600D79B0E /* FirebaseMessaging.framework */,
				FA10D4BD23E2F54600D79B0E /* GoogleDataTransport.framework */,
				FA10D4BE23E2F54600D79B0E /* GoogleDataTransportCCTSupport.framework */,
				FA10D4BF23E2F54600D79B0E /* GoogleUtilities.framework */,
				72E35C34AEFC0D5A20D1D6B0 /* Pods_Starlight_Night.framework */,
			);
			name = Frameworks;
			sourceTree = "<group>";
		};
		FA841F9A23DDCAFC00B73452 = {
			isa = PBXGroup;
			children = (
				FAD7BCD823E957CF00E828FC /* Default-568h@2x.png */,
				FA841FA523DDCAFC00B73452 /* Starlight Night */,
				FA841FC023DDCAFE00B73452 /* Starlight NightTests */,
				FA841FCB23DDCAFE00B73452 /* Starlight NightUITests */,
				FA841FA423DDCAFC00B73452 /* Products */,
				49172CED45D5625256929474 /* Pods */,
				6F6398D231F31AE757DFF56A /* Frameworks */,
			);
			sourceTree = "<group>";
		};
		FA841FA423DDCAFC00B73452 /* Products */ = {
			isa = PBXGroup;
			children = (
				FA841FA323DDCAFC00B73452 /* Starlight Night.app */,
			);
			name = Products;
			sourceTree = "<group>";
		};
		FA841FA523DDCAFC00B73452 /* Starlight Night */ = {
			isa = PBXGroup;
			children = (
				FA841FA623DDCAFC00B73452 /* AppDelegate.swift */,
				FA841FAA23DDCAFC00B73452 /* Actions.sks */,
				FA841FE023DDD48000B73452 /* GameScene.sks */,
				FA841FAC23DDCAFC00B73452 /* GameScene.swift */,
				FA841FAE23DDCAFC00B73452 /* GameViewController.swift */,
				FA841FE623DDF86C00B73452 /* MenuView.swift */,
				FAD7BCD423E838EF00E828FC /* LaunchScreen.swift */,
				FA841FB323DDCAFE00B73452 /* Assets.xcassets */,
				FA4ECA9C23E198DE002620FE /* Main.storyboard */,
				FA841FB523DDCAFE00B73452 /* LaunchScreen.storyboard */,
				FA841FB823DDCAFE00B73452 /* Info.plist */,
				FA12B75723E314EC00E5D317 /* GoogleService-Info.plist */,
				FA841FDC23DDD0C500B73452 /* Fire.sks */,
				FA770AFA23E0983700839AC2 /* Stars.sks */,
				FA12B77B23E82A5A00E5D317 /* Starlight Night-Bridging-Header.h */,
			);
			path = "Starlight Night";
			sourceTree = "<group>";
		};
		FA841FC023DDCAFE00B73452 /* Starlight NightTests */ = {
			isa = PBXGroup;
			children = (
				FA841FC123DDCAFE00B73452 /* Starlight_NightTests.swift */,
				FA841FC323DDCAFE00B73452 /* Info.plist */,
			);
			path = "Starlight NightTests";
			sourceTree = "<group>";
		};
		FA841FCB23DDCAFE00B73452 /* Starlight NightUITests */ = {
			isa = PBXGroup;
			children = (
				FA841FCC23DDCAFE00B73452 /* Starlight_NightUITests.swift */,
				FA841FCE23DDCAFE00B73452 /* Info.plist */,
			);
			path = "Starlight NightUITests";
			sourceTree = "<group>";
		};
/* End PBXGroup section */

/* Begin PBXNativeTarget section */
		FA841FA223DDCAFC00B73452 /* Starlight Night */ = {
			isa = PBXNativeTarget;
			buildConfigurationList = FA841FD123DDCAFE00B73452 /* Build configuration list for PBXNativeTarget "Starlight Night" */;
			buildPhases = (
				C9AB3ADEAB1FEA5EBD7E1807 /* [CP] Check Pods Manifest.lock */,
				FA841F9F23DDCAFC00B73452 /* Sources */,
				FA841FA023DDCAFC00B73452 /* Frameworks */,
				FA841FA123DDCAFC00B73452 /* Resources */,
				12DA443EDF1C58083812C832 /* [CP] Embed Pods Frameworks */,
			);
			buildRules = (
			);
			dependencies = (
			);
			name = "Starlight Night";
			productName = "Starlight Night";
			productReference = FA841FA323DDCAFC00B73452 /* Starlight Night.app */;
			productType = "com.apple.product-type.application";
		};
/* End PBXNativeTarget section */

/* Begin PBXProject section */
		FA841F9B23DDCAFC00B73452 /* Project object */ = {
			isa = PBXProject;
			attributes = {
				LastSwiftUpdateCheck = 1130;
				LastUpgradeCheck = 1130;
				ORGANIZATIONNAME = "it-Business-Partner";
				TargetAttributes = {
					FA841FA223DDCAFC00B73452 = {
						CreatedOnToolsVersion = 11.3.1;
						LastSwiftMigration = 1130;
					};
				};
			};
			buildConfigurationList = FA841F9E23DDCAFC00B73452 /* Build configuration list for PBXProject "Starlight Night" */;
			compatibilityVersion = "Xcode 9.3";
			developmentRegion = en;
			hasScannedForEncodings = 0;
			knownRegions = (
				en,
				Base,
			);
			mainGroup = FA841F9A23DDCAFC00B73452;
			productRefGroup = FA841FA423DDCAFC00B73452 /* Products */;
			projectDirPath = "";
			projectRoot = "";
			targets = (
				FA841FA223DDCAFC00B73452 /* Starlight Night */,
			);
		};
/* End PBXProject section */

/* Begin PBXResourcesBuildPhase section */
		FA841FA123DDCAFC00B73452 /* Resources */ = {
			isa = PBXResourcesBuildPhase;
			buildActionMask = 2147483647;
			files = (
				FA841FB423DDCAFE00B73452 /* Assets.xcassets in Resources */,
				FA841FDD23DDD0C500B73452 /* Fire.sks in Resources */,
				FAD7BCD923E957D000E828FC /* Default-568h@2x.png in Resources */,
				FA12B75823E314EC00E5D317 /* GoogleService-Info.plist in Resources */,
				FA841FB723DDCAFE00B73452 /* LaunchScreen.storyboard in Resources */,
				FA4ECA9D23E198DE002620FE /* Main.storyboard in Resources */,
				FA841FE123DDD48100B73452 /* GameScene.sks in Resources */,
				FA770AFB23E0983700839AC2 /* Stars.sks in Resources */,
				FA841FAB23DDCAFC00B73452 /* Actions.sks in Resources */,
			);
			runOnlyForDeploymentPostprocessing = 0;
		};
/* End PBXResourcesBuildPhase section */

/* Begin PBXShellScriptBuildPhase section */
		12DA443EDF1C58083812C832 /* [CP] Embed Pods Frameworks */ = {
			isa = PBXShellScriptBuildPhase;
			buildActionMask = 12;
			files = (
			);
			inputPaths = (
				"${SRCROOT}/Pods/Target Support Files/Pods-Starlight Night/Pods-Starlight Night-frameworks.sh",
				"${BUILT_PRODUCTS_DIR}/FBSDKCoreKit/FBSDKCoreKit.framework",
				"${BUILT_PRODUCTS_DIR}/GTMSessionFetcher/GTMSessionFetcher.framework",
				"${BUILT_PRODUCTS_DIR}/GoogleUtilities/GoogleUtilities.framework",
				"${BUILT_PRODUCTS_DIR}/Protobuf/protobuf.framework",
				"${BUILT_PRODUCTS_DIR}/leveldb-library/leveldb.framework",
				"${BUILT_PRODUCTS_DIR}/nanopb/nanopb.framework",
			);
			name = "[CP] Embed Pods Frameworks";
			outputPaths = (
				"${TARGET_BUILD_DIR}/${FRAMEWORKS_FOLDER_PATH}/FBSDKCoreKit.framework",
				"${TARGET_BUILD_DIR}/${FRAMEWORKS_FOLDER_PATH}/GTMSessionFetcher.framework",
				"${TARGET_BUILD_DIR}/${FRAMEWORKS_FOLDER_PATH}/GoogleUtilities.framework",
				"${TARGET_BUILD_DIR}/${FRAMEWORKS_FOLDER_PATH}/protobuf.framework",
				"${TARGET_BUILD_DIR}/${FRAMEWORKS_FOLDER_PATH}/leveldb.framework",
				"${TARGET_BUILD_DIR}/${FRAMEWORKS_FOLDER_PATH}/nanopb.framework",
			);
			runOnlyForDeploymentPostprocessing = 0;
			shellPath = /bin/sh;
			shellScript = "\"${SRCROOT}/Pods/Target Support Files/Pods-Starlight Night/Pods-Starlight Night-frameworks.sh\"\n";
			showEnvVarsInLog = 0;
		};
		C9AB3ADEAB1FEA5EBD7E1807 /* [CP] Check Pods Manifest.lock */ = {
			isa = PBXShellScriptBuildPhase;
			buildActionMask = 2147483647;
			files = (
			);
			inputPaths = (
				"${PODS_PODFILE_DIR_PATH}/Podfile.lock",
				"${PODS_ROOT}/Manifest.lock",
			);
			name = "[CP] Check Pods Manifest.lock";
			outputPaths = (
				"$(DERIVED_FILE_DIR)/Pods-Starlight Night-checkManifestLockResult.txt",
			);
			runOnlyForDeploymentPostprocessing = 0;
			shellPath = /bin/sh;
			shellScript = "diff \"${PODS_PODFILE_DIR_PATH}/Podfile.lock\" \"${PODS_ROOT}/Manifest.lock\" > /dev/null\nif [ $? != 0 ] ; then\n    # print error to STDERR\n    echo \"error: The sandbox is not in sync with the Podfile.lock. Run 'pod install' or update your CocoaPods installation.\" >&2\n    exit 1\nfi\n# This output is used by Xcode 'outputs' to avoid re-running this script phase.\necho \"SUCCESS\" > \"${SCRIPT_OUTPUT_FILE_0}\"\n";
			showEnvVarsInLog = 0;
		};
/* End PBXShellScriptBuildPhase section */

/* Begin PBXSourcesBuildPhase section */
		FA841F9F23DDCAFC00B73452 /* Sources */ = {
			isa = PBXSourcesBuildPhase;
			buildActionMask = 2147483647;
			files = (
				FA841FAD23DDCAFC00B73452 /* GameScene.swift in Sources */,
				FA841FE723DDF86C00B73452 /* MenuView.swift in Sources */,
				FAD7BCD523E838EF00E828FC /* LaunchScreen.swift in Sources */,
				FA841FAF23DDCAFC00B73452 /* GameViewController.swift in Sources */,
				FA841FA723DDCAFC00B73452 /* AppDelegate.swift in Sources */,
			);
			runOnlyForDeploymentPostprocessing = 0;
		};
/* End PBXSourcesBuildPhase section */

/* Begin PBXVariantGroup section */
		FA841FB523DDCAFE00B73452 /* LaunchScreen.storyboard */ = {
			isa = PBXVariantGroup;
			children = (
				FA841FB623DDCAFE00B73452 /* Base */,
			);
			name = LaunchScreen.storyboard;
			sourceTree = "<group>";
		};
/* End PBXVariantGroup section */

/* Begin XCBuildConfiguration section */
		FA841FCF23DDCAFE00B73452 /* Debug */ = {
			isa = XCBuildConfiguration;
			buildSettings = {
				ALWAYS_SEARCH_USER_PATHS = NO;
				CLANG_ANALYZER_NONNULL = YES;
				CLANG_ANALYZER_NUMBER_OBJECT_CONVERSION = YES_AGGRESSIVE;
				CLANG_CXX_LANGUAGE_STANDARD = "gnu++14";
				CLANG_CXX_LIBRARY = "libc++";
				CLANG_ENABLE_MODULES = YES;
				CLANG_ENABLE_OBJC_ARC = YES;
				CLANG_ENABLE_OBJC_WEAK = YES;
				CLANG_WARN_BLOCK_CAPTURE_AUTORELEASING = YES;
				CLANG_WARN_BOOL_CONVERSION = YES;
				CLANG_WARN_COMMA = YES;
				CLANG_WARN_CONSTANT_CONVERSION = YES;
				CLANG_WARN_DEPRECATED_OBJC_IMPLEMENTATIONS = YES;
				CLANG_WARN_DIRECT_OBJC_ISA_USAGE = YES_ERROR;
				CLANG_WARN_DOCUMENTATION_COMMENTS = YES;
				CLANG_WARN_EMPTY_BODY = YES;
				CLANG_WARN_ENUM_CONVERSION = YES;
				CLANG_WARN_INFINITE_RECURSION = YES;
				CLANG_WARN_INT_CONVERSION = YES;
				CLANG_WARN_NON_LITERAL_NULL_CONVERSION = YES;
				CLANG_WARN_OBJC_IMPLICIT_RETAIN_SELF = YES;
				CLANG_WARN_OBJC_LITERAL_CONVERSION = YES;
				CLANG_WARN_OBJC_ROOT_CLASS = YES_ERROR;
				CLANG_WARN_RANGE_LOOP_ANALYSIS = YES;
				CLANG_WARN_STRICT_PROTOTYPES = YES;
				CLANG_WARN_SUSPICIOUS_MOVE = YES;
				CLANG_WARN_UNGUARDED_AVAILABILITY = YES_AGGRESSIVE;
				CLANG_WARN_UNREACHABLE_CODE = YES;
				CLANG_WARN__DUPLICATE_METHOD_MATCH = YES;
				COPY_PHASE_STRIP = NO;
				DEBUG_INFORMATION_FORMAT = dwarf;
				ENABLE_STRICT_OBJC_MSGSEND = YES;
				ENABLE_TESTABILITY = YES;
				GCC_C_LANGUAGE_STANDARD = gnu11;
				GCC_DYNAMIC_NO_PIC = NO;
				GCC_NO_COMMON_BLOCKS = YES;
				GCC_OPTIMIZATION_LEVEL = 0;
				GCC_PREPROCESSOR_DEFINITIONS = (
					"DEBUG=1",
					"$(inherited)",
				);
				GCC_WARN_64_TO_32_BIT_CONVERSION = YES;
				GCC_WARN_ABOUT_RETURN_TYPE = YES_ERROR;
				GCC_WARN_UNDECLARED_SELECTOR = YES;
				GCC_WARN_UNINITIALIZED_AUTOS = YES_AGGRESSIVE;
				GCC_WARN_UNUSED_FUNCTION = YES;
				GCC_WARN_UNUSED_VARIABLE = YES;
				IPHONEOS_DEPLOYMENT_TARGET = 11.0;
				MTL_ENABLE_DEBUG_INFO = INCLUDE_SOURCE;
				MTL_FAST_MATH = YES;
				ONLY_ACTIVE_ARCH = YES;
				SDKROOT = iphoneos;
				SWIFT_ACTIVE_COMPILATION_CONDITIONS = DEBUG;
				SWIFT_OPTIMIZATION_LEVEL = "-Onone";
			};
			name = Debug;
		};
		FA841FD023DDCAFE00B73452 /* Release */ = {
			isa = XCBuildConfiguration;
			buildSettings = {
				ALWAYS_SEARCH_USER_PATHS = NO;
				CLANG_ANALYZER_NONNULL = YES;
				CLANG_ANALYZER_NUMBER_OBJECT_CONVERSION = YES_AGGRESSIVE;
				CLANG_CXX_LANGUAGE_STANDARD = "gnu++14";
				CLANG_CXX_LIBRARY = "libc++";
				CLANG_ENABLE_MODULES = YES;
				CLANG_ENABLE_OBJC_ARC = YES;
				CLANG_ENABLE_OBJC_WEAK = YES;
				CLANG_WARN_BLOCK_CAPTURE_AUTORELEASING = YES;
				CLANG_WARN_BOOL_CONVERSION = YES;
				CLANG_WARN_COMMA = YES;
				CLANG_WARN_CONSTANT_CONVERSION = YES;
				CLANG_WARN_DEPRECATED_OBJC_IMPLEMENTATIONS = YES;
				CLANG_WARN_DIRECT_OBJC_ISA_USAGE = YES_ERROR;
				CLANG_WARN_DOCUMENTATION_COMMENTS = YES;
				CLANG_WARN_EMPTY_BODY = YES;
				CLANG_WARN_ENUM_CONVERSION = YES;
				CLANG_WARN_INFINITE_RECURSION = YES;
				CLANG_WARN_INT_CONVERSION = YES;
				CLANG_WARN_NON_LITERAL_NULL_CONVERSION = YES;
				CLANG_WARN_OBJC_IMPLICIT_RETAIN_SELF = YES;
				CLANG_WARN_OBJC_LITERAL_CONVERSION = YES;
				CLANG_WARN_OBJC_ROOT_CLASS = YES_ERROR;
				CLANG_WARN_RANGE_LOOP_ANALYSIS = YES;
				CLANG_WARN_STRICT_PROTOTYPES = YES;
				CLANG_WARN_SUSPICIOUS_MOVE = YES;
				CLANG_WARN_UNGUARDED_AVAILABILITY = YES_AGGRESSIVE;
				CLANG_WARN_UNREACHABLE_CODE = YES;
				CLANG_WARN__DUPLICATE_METHOD_MATCH = YES;
				COPY_PHASE_STRIP = NO;
				DEBUG_INFORMATION_FORMAT = "dwarf-with-dsym";
				ENABLE_NS_ASSERTIONS = NO;
				ENABLE_STRICT_OBJC_MSGSEND = YES;
				GCC_C_LANGUAGE_STANDARD = gnu11;
				GCC_NO_COMMON_BLOCKS = YES;
				GCC_WARN_64_TO_32_BIT_CONVERSION = YES;
				GCC_WARN_ABOUT_RETURN_TYPE = YES_ERROR;
				GCC_WARN_UNDECLARED_SELECTOR = YES;
				GCC_WARN_UNINITIALIZED_AUTOS = YES_AGGRESSIVE;
				GCC_WARN_UNUSED_FUNCTION = YES;
				GCC_WARN_UNUSED_VARIABLE = YES;
				IPHONEOS_DEPLOYMENT_TARGET = 11.0;
				MTL_ENABLE_DEBUG_INFO = NO;
				MTL_FAST_MATH = YES;
				SDKROOT = iphoneos;
				SWIFT_COMPILATION_MODE = wholemodule;
				SWIFT_OPTIMIZATION_LEVEL = "-O";
				VALIDATE_PRODUCT = YES;
			};
			name = Release;
		};
		FA841FD223DDCAFE00B73452 /* Debug */ = {
			isa = XCBuildConfiguration;
			baseConfigurationReference = CCAAA1B50D4B64FDA5895725 /* Pods-Starlight Night.debug.xcconfig */;
			buildSettings = {
				ASSETCATALOG_COMPILER_APPICON_NAME = AppIcon;
				CLANG_ENABLE_MODULES = YES;
				CODE_SIGN_IDENTITY = "Apple Development";
				CODE_SIGN_STYLE = Automatic;
				CURRENT_PROJECT_VERSION = 3;
				DEVELOPMENT_ASSET_PATHS = "";
				DEVELOPMENT_TEAM = R7GTJA6L5V;
				FRAMEWORK_SEARCH_PATHS = (
					"$(inherited)",
					"$(PROJECT_DIR)",
				);
				INFOPLIST_FILE = "Starlight Night/Info.plist";
				IPHONEOS_DEPLOYMENT_TARGET = 11.0;
				LD_RUNPATH_SEARCH_PATHS = (
					"$(inherited)",
					"@executable_path/Frameworks",
				);
				MARKETING_VERSION = 1.06;
				PRODUCT_BUNDLE_IDENTIFIER = "com.itbpart.Starlight-Night-Game";
				PRODUCT_NAME = "$(TARGET_NAME)";
				PROVISIONING_PROFILE_SPECIFIER = "";
				SWIFT_OBJC_BRIDGING_HEADER = "Starlight Night/Starlight Night-Bridging-Header.h";
				SWIFT_OPTIMIZATION_LEVEL = "-Onone";
				SWIFT_VERSION = 5.0;
				TARGETED_DEVICE_FAMILY = "1,2";
			};
			name = Debug;
		};
		FA841FD323DDCAFE00B73452 /* Release */ = {
			isa = XCBuildConfiguration;
			baseConfigurationReference = 19B206389EB991D38B3315F0 /* Pods-Starlight Night.release.xcconfig */;
			buildSettings = {
				ASSETCATALOG_COMPILER_APPICON_NAME = AppIcon;
				CLANG_ENABLE_MODULES = YES;
				CODE_SIGN_IDENTITY = "Apple Development";
				CODE_SIGN_STYLE = Automatic;
				CURRENT_PROJECT_VERSION = 3;
				DEVELOPMENT_ASSET_PATHS = "";
				DEVELOPMENT_TEAM = R7GTJA6L5V;
				FRAMEWORK_SEARCH_PATHS = (
					"$(inherited)",
					"$(PROJECT_DIR)",
				);
				INFOPLIST_FILE = "Starlight Night/Info.plist";
				IPHONEOS_DEPLOYMENT_TARGET = 11.0;
				LD_RUNPATH_SEARCH_PATHS = (
					"$(inherited)",
					"@executable_path/Frameworks",
				);
				MARKETING_VERSION = 1.06;
				PRODUCT_BUNDLE_IDENTIFIER = "com.itbpart.Starlight-Night-Game";
				PRODUCT_NAME = "$(TARGET_NAME)";
				PROVISIONING_PROFILE_SPECIFIER = "";
				SWIFT_OBJC_BRIDGING_HEADER = "Starlight Night/Starlight Night-Bridging-Header.h";
				SWIFT_VERSION = 5.0;
				TARGETED_DEVICE_FAMILY = "1,2";
			};
			name = Release;
		};
/* End XCBuildConfiguration section */

/* Begin XCConfigurationList section */
		FA841F9E23DDCAFC00B73452 /* Build configuration list for PBXProject "Starlight Night" */ = {
			isa = XCConfigurationList;
			buildConfigurations = (
				FA841FCF23DDCAFE00B73452 /* Debug */,
				FA841FD023DDCAFE00B73452 /* Release */,
			);
			defaultConfigurationIsVisible = 0;
			defaultConfigurationName = Release;
		};
		FA841FD123DDCAFE00B73452 /* Build configuration list for PBXNativeTarget "Starlight Night" */ = {
			isa = XCConfigurationList;
			buildConfigurations = (
				FA841FD223DDCAFE00B73452 /* Debug */,
				FA841FD323DDCAFE00B73452 /* Release */,
			);
			defaultConfigurationIsVisible = 0;
			defaultConfigurationName = Release;
		};
/* End XCConfigurationList section */
	};
	rootObject = FA841F9B23DDCAFC00B73452 /* Project object */;
}
